<?xml version="1.0" encoding="utf-8"?>
<Project ToolsVersion="4.0" xmlns="http://schemas.microsoft.com/developer/msbuild/2003">
  <ItemGroup>
    <Filter Include="Source Files">
      <UniqueIdentifier>{4FC737F1-C7A5-4376-A066-2A32D752A2FF}</UniqueIdentifier>
      <Extensions>cpp;c;cc;cxx;c++;cppm;ixx;def;odl;idl;hpj;bat;asm;asmx</Extensions>
    </Filter>
    <Filter Include="Header Files">
      <UniqueIdentifier>{93995380-89BD-4b04-88EB-625FBE52EBFB}</UniqueIdentifier>
      <Extensions>h;hh;hpp;hxx;h++;hm;inl;inc;ipp;xsd</Extensions>
    </Filter>
    <Filter Include="Resource Files">
      <UniqueIdentifier>{67DA6AB6-F800-4c08-8B7A-83BB121AAD01}</UniqueIdentifier>
      <Extensions>rc;ico;cur;bmp;dlg;rc2;rct;bin;rgs;gif;jpg;jpeg;jpe;resx;tiff;tif;png;wav;mfcribbon-ms</Extensions>
    </Filter>
    <Filter Include="Models">
      <UniqueIdentifier>{8291f8a8-a213-4bcb-bac7-ed84ee9a1acf}</UniqueIdentifier>
    </Filter>
  </ItemGroup>
  <ItemGroup>
    <ClInclude Include="models\class.h">
      <Filter>Header Files</Filter>
    </ClInclude>
    <ClInclude Include="models\course.h">
      <Filter>Header Files</Filter>
    </ClInclude>
    <ClInclude Include="models\date.h">
      <Filter>Header Files</Filter>
    </ClInclude>
    <ClInclude Include="models\semester.h">
      <Filter>Header Files</Filter>
    </ClInclude>
    <ClInclude Include="models\student.h">
      <Filter>Header Files</Filter>
    </ClInclude>
    <ClInclude Include="models\user.h">
      <Filter>Header Files</Filter>
    </ClInclude>
    <ClInclude Include="models\schoolYear.h">
      <Filter>Header Files</Filter>
    </ClInclude>
    <ClInclude Include="utils\vector.h">
      <Filter>Header Files</Filter>
    </ClInclude>
    <ClInclude Include="models\courseManagementSystem.h">
      <Filter>Header Files</Filter>
    </ClInclude>
  </ItemGroup>
  <ItemGroup>
    <ClCompile Include="controllers\class.cpp">
      <Filter>Resource Files</Filter>
    </ClCompile>
    <ClCompile Include="controllers\course.cpp">
      <Filter>Resource Files</Filter>
    </ClCompile>
    <ClCompile Include="controllers\schoolYear.cpp">
      <Filter>Resource Files</Filter>
    </ClCompile>
    <ClCompile Include="controllers\student.cpp">
      <Filter>Resource Files</Filter>
    </ClCompile>
    <ClCompile Include="controllers\user.cpp">
      <Filter>Resource Files</Filter>
    </ClCompile>
    <ClCompile Include="Source.cpp">
      <Filter>Source Files</Filter>
    </ClCompile>
    <ClCompile Include="interfaces\LoginWindow.cpp">
      <Filter>Resource Files</Filter>
    </ClCompile>
    <ClCompile Include="interfaces\staffMenu.cpp">
      <Filter>Resource Files</Filter>
    </ClCompile>
    <ClCompile Include="interfaces\staffMenu_classManagement.cpp">
      <Filter>Resource Files</Filter>
    </ClCompile>
    <ClCompile Include="interfaces\staffMenu_classManagement_createClass.cpp">
      <Filter>Resource Files</Filter>
    </ClCompile>
    <ClCompile Include="interfaces\staffMenu_classManagement_viewClass.cpp">
      <Filter>Resource Files</Filter>
    </ClCompile>
    <ClCompile Include="interfaces\staffMenu_classManagement_viewClass_addStudent.cpp">
      <Filter>Resource Files</Filter>
    </ClCompile>
    <ClCompile Include="interfaces\staffMenu_classManagement_viewClass_viewScoreboard.cpp">
      <Filter>Resource Files</Filter>
    </ClCompile>
    <ClCompile Include="interfaces\staffMenu_classManagement_viewClass_viewStudent.cpp">
      <Filter>Resource Files</Filter>
    </ClCompile>
    <ClCompile Include="interfaces\staffMenu_courseManagement.cpp">
      <Filter>Resource Files</Filter>
    </ClCompile>
    <ClCompile Include="interfaces\staffMenu_courseManagement_addCourse.cpp">
      <Filter>Resource Files</Filter>
    </ClCompile>
    <ClCompile Include="interfaces\staffMenu_courseManagement_createRegistration.cpp">
      <Filter>Resource Files</Filter>
    </ClCompile>
    <ClCompile Include="interfaces\staffMenu_courseManagement_deleteCourse.cpp">
      <Filter>Resource Files</Filter>
    </ClCompile>
    <ClCompile Include="interfaces\staffMenu_courseManagement_updateCourse.cpp">
      <Filter>Resource Files</Filter>
    </ClCompile>
    <ClCompile Include="interfaces\staffMenu_courseManagement_viewCourse.cpp">
      <Filter>Resource Files</Filter>
    </ClCompile>
    <ClCompile Include="interfaces\staffMenu_courseManagement_viewCourse_exportScoreboard.cpp">
      <Filter>Resource Files</Filter>
    </ClCompile>
    <ClCompile Include="interfaces\staffMenu_courseManagement_viewCourse_importScoreboard.cpp">
      <Filter>Resource Files</Filter>
    </ClCompile>
    <ClCompile Include="interfaces\staffMenu_courseManagement_viewCourse_viewScoreboard.cpp">
      <Filter>Resource Files</Filter>
    </ClCompile>
    <ClCompile Include="interfaces\staffMenu_courseManagement_viewCourse_viewStudent.cpp">
      <Filter>Resource Files</Filter>
    </ClCompile>
    <ClCompile Include="interfaces\staffMenu_createSchoolYear.cpp">
      <Filter>Resource Files</Filter>
    </ClCompile>
    <ClCompile Include="interfaces\staffMenu_createSemester.cpp">
      <Filter>Resource Files</Filter>
    </ClCompile>
    <ClCompile Include="interfaces\staffMenu_studentManagement.cpp">
      <Filter>Resource Files</Filter>
    </ClCompile>
    <ClCompile Include="interfaces\staffMenu_studentManagement_updateStudentResult.cpp">
      <Filter>Resource Files</Filter>
    </ClCompile>
    <ClCompile Include="interfaces\studentMenu.cpp">
      <Filter>Resource Files</Filter>
    </ClCompile>
    <ClCompile Include="interfaces\studentMenu_addCourse.cpp">
      <Filter>Resource Files</Filter>
    </ClCompile>
    <ClCompile Include="interfaces\studentMenu_removeCourse.cpp">
      <Filter>Resource Files</Filter>
    </ClCompile>
    <ClCompile Include="interfaces\studentMenu_viewCourse.cpp">
      <Filter>Resource Files</Filter>
    </ClCompile>
    <ClCompile Include="interfaces\studentMenu_viewScoreboard.cpp">
      <Filter>Resource Files</Filter>
    </ClCompile>
    <ClCompile Include="interfaces\supportFunctions.cpp">
      <Filter>Resource Files</Filter>
    </ClCompile>
  </ItemGroup>
  <ItemGroup>
    <None Include="Debug\Our Moodle.tlog\Our Moodle.lastbuildstate" />
    <None Include="Debug\Our Moodle.exe.recipe" />
    <None Include="controllers\semester.cpp">
      <Filter>Resource Files</Filter>
    </None>
  </ItemGroup>
</Project>